
Microsoft Visual Studio Solution File, Format Version 12.00
# Visual Studio Version 17
VisualStudioVersion = 17.7.34009.444
MinimumVisualStudioVersion = 10.0.40219.1
Project("{FAE04EC0-301F-11D3-BF4B-00C04F79EFBC}") = "XufiScheduler", "XufiScheduler.csproj", "{8303AAE4-0CA5-4A20-8000-DF45A0AD0CEB}"
EndProject
Global
	GlobalSection(SolutionConfigurationPlatforms) = preSolution
		Debug|Any CPU = Debug|Any CPU
		Release|Any CPU = Release|Any CPU
	EndGlobalSection
	GlobalSection(ProjectConfigurationPlatforms) = postSolution
		{8303AAE4-0CA5-4A20-8000-DF45A0AD0CEB}.Debug|Any CPU.ActiveCfg = Debug|Any CPU
		{8303AAE4-0CA5-4A20-8000-DF45A0AD0CEB}.Debug|Any CPU.Build.0 = Debug|Any CPU
		{8303AAE4-0CA5-4A20-8000-DF45A0AD0CEB}.Release|Any CPU.ActiveCfg = Release|Any CPU
		{8303AAE4-0CA5-4A20-8000-DF45A0AD0CEB}.Release|Any CPU.Build.0 = Release|Any CPU
	EndGlobalSection
	GlobalSection(SolutionProperties) = preSolution
		HideSolutionNode = FALSE
	EndGlobalSection
	GlobalSection(ExtensibilityGlobals) = postSolution
		SolutionGuid = {CADC64AF-0733-4EE8-8030-984BA4BEF275}
	EndGlobalSection
EndGlobal
